{
  "name": "powfinder",
  "version": "1.0.0",
  "lockfileVersion": 3,
  "requires": true,
  "packages": {
    "": {
      "name": "powfinder",
      "version": "1.0.0",
      "license": "ISC",
      "dependencies": {
        "geotiff": "^2.1.4-beta.1",
        "node-fetch": "^3.3.2"
      }
    },
    "node_modules/@petamoriken/float16": {
      "version": "3.9.3",
      "resolved": "https://registry.npmjs.org/@petamoriken/float16/-/float16-3.9.3.tgz",
      "integrity": "sha512-8awtpHXCx/bNpFt4mt2xdkgtgVvKqty8VbjHI/WWWQuEw+KLzFot3f4+LkQY9YmOtq7A5GdOnqoIC8Pdygjk2g==",
      "license": "MIT"
    },
    "node_modules/data-uri-to-buffer": {
      "version": "4.0.1",
      "resolved": "https://registry.npmjs.org/data-uri-to-buffer/-/data-uri-to-buffer-4.0.1.tgz",
      "integrity": "sha512-0R9ikRb668HB7QDxT1vkpuUBtqc53YyAwMwGeUFKRojY/NWKvdZ+9UYtRfGmhqNbRkTSVpMbmyhXipFFv2cb/A==",
      "license": "MIT",
      "engines": {
        "node": ">= 12"
      }
    },
    "node_modules/fetch-blob": {
      "version": "3.2.0",
      "resolved": "https://registry.npmjs.org/fetch-blob/-/fetch-blob-3.2.0.tgz",
      "integrity": "sha512-7yAQpD2UMJzLi1Dqv7qFYnPbaPx7ZfFK6PiIxQ4PfkGPyNyl2Ugx+a/umUonmKqjhM4DnfbMvdX6otXq83soQQ==",
      "funding": [
        {
          "type": "github",
          "url": "https://github.com/sponsors/jimmywarting"
        },
        {
          "type": "paypal",
          "url": "https://paypal.me/jimmywarting"
        }
      ],
      "license": "MIT",
      "dependencies": {
        "node-domexception": "^1.0.0",
        "web-streams-polyfill": "^3.0.3"
      },
      "engines": {
        "node": "^12.20 || >= 14.13"
      }
    },
    "node_modules/formdata-polyfill": {
      "version": "4.0.10",
      "resolved": "https://registry.npmjs.org/formdata-polyfill/-/formdata-polyfill-4.0.10.tgz",
      "integrity": "sha512-buewHzMvYL29jdeQTVILecSaZKnt/RJWjoZCF5OW60Z67/GmSLBkOFM7qh1PI3zFNtJbaZL5eQu1vLfazOwj4g==",
      "license": "MIT",
      "dependencies": {
        "fetch-blob": "^3.1.2"
      },
      "engines": {
        "node": ">=12.20.0"
      }
    },
    "node_modules/geotiff": {
      "version": "2.1.4-beta.1",
      "resolved": "https://registry.npmjs.org/geotiff/-/geotiff-2.1.4-beta.1.tgz",
      "integrity": "sha512-3cW7V2XjnBWDJ8Gj/vCidvl3xiaN5c3az1Tfym9MBFq0LI3pi37YYWt9YxOjXF7njO135iKRGTJcbbsTiPdk2Q==",
      "license": "MIT",
      "dependencies": {
        "@petamoriken/float16": "^3.4.7",
        "lerc": "^3.0.0",
        "pako": "^2.0.4",
        "parse-headers": "^2.0.2",
        "quick-lru": "^6.1.1",
        "web-worker": "^1.5.0",
        "xml-utils": "^1.10.2",
        "zstddec": "^0.2.0-alpha.3"
      },
      "engines": {
        "node": ">=10.19"
      }
    },
    "node_modules/lerc": {
      "version": "3.0.0",
      "resolved": "https://registry.npmjs.org/lerc/-/lerc-3.0.0.tgz",
      "integrity": "sha512-Rm4J/WaHhRa93nCN2mwWDZFoRVF18G1f47C+kvQWyHGEZxFpTUi73p7lMVSAndyxGt6lJ2/CFbOcf9ra5p8aww==",
      "license": "Apache-2.0"
    },
    "node_modules/node-domexception": {
      "version": "1.0.0",
      "resolved": "https://registry.npmjs.org/node-domexception/-/node-domexception-1.0.0.tgz",
      "integrity": "sha512-/jKZoMpw0F8GRwl4/eLROPA3cfcXtLApP0QzLmUT/HuPCZWyB7IY9ZrMeKw2O/nFIqPQB3PVM9aYm0F312AXDQ==",
      "deprecated": "Use your platform's native DOMException instead",
      "funding": [
        {
          "type": "github",
          "url": "https://github.com/sponsors/jimmywarting"
        },
        {
          "type": "github",
          "url": "https://paypal.me/jimmywarting"
        }
      ],
      "license": "MIT",
      "engines": {
        "node": ">=10.5.0"
      }
    },
    "node_modules/node-fetch": {
      "version": "3.3.2",
      "resolved": "https://registry.npmjs.org/node-fetch/-/node-fetch-3.3.2.tgz",
      "integrity": "sha512-dRB78srN/l6gqWulah9SrxeYnxeddIG30+GOqK/9OlLVyLg3HPnr6SqOWTWOXKRwC2eGYCkZ59NNuSgvSrpgOA==",
      "license": "MIT",
      "dependencies": {
        "data-uri-to-buffer": "^4.0.0",
        "fetch-blob": "^3.1.4",
        "formdata-polyfill": "^4.0.10"
      },
      "engines": {
        "node": "^12.20.0 || ^14.13.1 || >=16.0.0"
      },
      "funding": {
        "type": "opencollective",
        "url": "https://opencollective.com/node-fetch"
      }
    },
    "node_modules/pako": {
      "version": "2.1.0",
      "resolved": "https://registry.npmjs.org/pako/-/pako-2.1.0.tgz",
      "integrity": "sha512-w+eufiZ1WuJYgPXbV/PO3NCMEc3xqylkKHzp8bxp1uW4qaSNQUkwmLLEc3kKsfz8lpV1F8Ht3U1Cm+9Srog2ug==",
      "license": "(MIT AND Zlib)"
    },
    "node_modules/parse-headers": {
      "version": "2.0.6",
      "resolved": "https://registry.npmjs.org/parse-headers/-/parse-headers-2.0.6.tgz",
      "integrity": "sha512-Tz11t3uKztEW5FEVZnj1ox8GKblWn+PvHY9TmJV5Mll2uHEwRdR/5Li1OlXoECjLYkApdhWy44ocONwXLiKO5A==",
      "license": "MIT"
    },
    "node_modules/quick-lru": {
      "version": "6.1.2",
      "resolved": "https://registry.npmjs.org/quick-lru/-/quick-lru-6.1.2.tgz",
      "integrity": "sha512-AAFUA5O1d83pIHEhJwWCq/RQcRukCkn/NSm2QsTEMle5f2hP0ChI2+3Xb051PZCkLryI/Ir1MVKviT2FIloaTQ==",
      "license": "MIT",
      "engines": {
        "node": ">=12"
      },
      "funding": {
        "url": "https://github.com/sponsors/sindresorhus"
      }
    },
    "node_modules/web-streams-polyfill": {
      "version": "3.3.3",
      "resolved": "https://registry.npmjs.org/web-streams-polyfill/-/web-streams-polyfill-3.3.3.tgz",
      "integrity": "sha512-d2JWLCivmZYTSIoge9MsgFCZrt571BikcWGYkjC1khllbTeDlGqZ2D8vD8E/lJa8WGWbb7Plm8/XJYV7IJHZZw==",
      "license": "MIT",
      "engines": {
        "node": ">= 8"
      }
    },
    "node_modules/web-worker": {
      "version": "1.5.0",
      "resolved": "https://registry.npmjs.org/web-worker/-/web-worker-1.5.0.tgz",
      "integrity": "sha512-RiMReJrTAiA+mBjGONMnjVDP2u3p9R1vkcGz6gDIrOMT3oGuYwX2WRMYI9ipkphSuE5XKEhydbhNEJh4NY9mlw==",
      "license": "Apache-2.0"
    },
    "node_modules/xml-utils": {
      "version": "1.10.2",
      "resolved": "https://registry.npmjs.org/xml-utils/-/xml-utils-1.10.2.tgz",
      "integrity": "sha512-RqM+2o1RYs6T8+3DzDSoTRAUfrvaejbVHcp3+thnAtDKo8LskR+HomLajEy5UjTz24rpka7AxVBRR3g2wTUkJA==",
      "license": "CC0-1.0"
    },
    "node_modules/zstddec": {
      "version": "0.2.0-alpha.3",
      "resolved": "https://registry.npmjs.org/zstddec/-/zstddec-0.2.0-alpha.3.tgz",
      "integrity": "sha512-uHyE3TN8jRFOaMVwdhERfrcaabyoUUawIRDKXE6x0nCU7mzyIZO0LndJ3AtVUiKLF0lC+8F5bMSySWEF586PSA==",
      "license": "MIT AND BSD-3-Clause"
    }
  }
}
